// !$*UTF8*$!
{
	archiveVersion = 1;
	classes = {
	};
	objectVersion = 56;
	objects = {

/* Begin PBXBuildFile section */
		B434D1572A3D77480051ED0E /* DataPoint.swift in Sources */ = {isa = PBXBuildFile; fileRef = B434D1562A3D77480051ED0E /* DataPoint.swift */; };
		B434D1592A3D78530051ED0E /* APIKey.swift in Sources */ = {isa = PBXBuildFile; fileRef = B434D1582A3D78530051ED0E /* APIKey.swift */; };
		B488C35C293B03C400EBAA64 /* USEconomicIndicatorsApp.swift in Sources */ = {isa = PBXBuildFile; fileRef = B488C35B293B03C400EBAA64 /* USEconomicIndicatorsApp.swift */; };
		B488C35E293B03C400EBAA64 /* IndicatorListView.swift in Sources */ = {isa = PBXBuildFile; fileRef = B488C35D293B03C400EBAA64 /* IndicatorListView.swift */; };
		B488C360293B03C500EBAA64 /* Assets.xcassets in Resources */ = {isa = PBXBuildFile; fileRef = B488C35F293B03C500EBAA64 /* Assets.xcassets */; };
		B488C363293B03C500EBAA64 /* Preview Assets.xcassets in Resources */ = {isa = PBXBuildFile; fileRef = B488C362293B03C500EBAA64 /* Preview Assets.xcassets */; };
		B488C36A293B04BC00EBAA64 /* Indicator.swift in Sources */ = {isa = PBXBuildFile; fileRef = B488C369293B04BC00EBAA64 /* Indicator.swift */; };
		B488C36C293B104500EBAA64 /* IndicatorView.swift in Sources */ = {isa = PBXBuildFile; fileRef = B488C36B293B104500EBAA64 /* IndicatorView.swift */; };
/* End PBXBuildFile section */

/* Begin PBXFileReference section */
		B434D1562A3D77480051ED0E /* DataPoint.swift */ = {isa = PBXFileReference; lastKnownFileType = sourcecode.swift; path = DataPoint.swift; sourceTree = "<group>"; };
		B434D1582A3D78530051ED0E /* APIKey.swift */ = {isa = PBXFileReference; lastKnownFileType = sourcecode.swift; path = APIKey.swift; sourceTree = "<group>"; };
		B488C358293B03C400EBAA64 /* USEconomicIndicators.app */ = {isa = PBXFileReference; explicitFileType = wrapper.application; includeInIndex = 0; path = USEconomicIndicators.app; sourceTree = BUILT_PRODUCTS_DIR; };
		B488C35B293B03C400EBAA64 /* USEconomicIndicatorsApp.swift */ = {isa = PBXFileReference; lastKnownFileType = sourcecode.swift; path = USEconomicIndicatorsApp.swift; sourceTree = "<group>"; };
		B488C35D293B03C400EBAA64 /* IndicatorListView.swift */ = {isa = PBXFileReference; lastKnownFileType = sourcecode.swift; path = IndicatorListView.swift; sourceTree = "<group>"; };
		B488C35F293B03C500EBAA64 /* Assets.xcassets */ = {isa = PBXFileReference; lastKnownFileType = folder.assetcatalog; path = Assets.xcassets; sourceTree = "<group>"; };
		B488C362293B03C500EBAA64 /* Preview Assets.xcassets */ = {isa = PBXFileReference; lastKnownFileType = folder.assetcatalog; path = "Preview Assets.xcassets"; sourceTree = "<group>"; };
		B488C369293B04BC00EBAA64 /* Indicator.swift */ = {isa = PBXFileReference; lastKnownFileType = sourcecode.swift; path = Indicator.swift; sourceTree = "<group>"; };
		B488C36B293B104500EBAA64 /* IndicatorView.swift */ = {isa = PBXFileReference; lastKnownFileType = sourcecode.swift; path = IndicatorView.swift; sourceTree = "<group>"; };
/* End PBXFileReference section */

/* Begin PBXFrameworksBuildPhase section */
		B488C355293B03C400EBAA64 /* Frameworks */ = {
			isa = PBXFrameworksBuildPhase;
			buildActionMask = 2147483647;
			files = (
			);
			runOnlyForDeploymentPostprocessing = 0;
		};
/* End PBXFrameworksBuildPhase section */

/* Begin PBXGroup section */
		B488C34F293B03C400EBAA64 = {
			isa = PBXGroup;
			children = (
				B488C35A293B03C400EBAA64 /* USEconomicIndicators */,
				B488C359293B03C400EBAA64 /* Products */,
			);
			sourceTree = "<group>";
		};
		B488C359293B03C400EBAA64 /* Products */ = {
			isa = PBXGroup;
			children = (
				B488C358293B03C400EBAA64 /* USEconomicIndicators.app */,
			);
			name = Products;
			sourceTree = "<group>";
		};
		B488C35A293B03C400EBAA64 /* USEconomicIndicators */ = {
			isa = PBXGroup;
			children = (
				B488C35B293B03C400EBAA64 /* USEconomicIndicatorsApp.swift */,
				B488C35D293B03C400EBAA64 /* IndicatorListView.swift */,
				B488C36B293B104500EBAA64 /* IndicatorView.swift */,
				B488C369293B04BC00EBAA64 /* Indicator.swift */,
				B434D1562A3D77480051ED0E /* DataPoint.swift */,
				B488C35F293B03C500EBAA64 /* Assets.xcassets */,
				B488C361293B03C500EBAA64 /* Preview Content */,
				B434D1582A3D78530051ED0E /* APIKey.swift */,
			);
			path = USEconomicIndicators;
			sourceTree = "<group>";
		};
		B488C361293B03C500EBAA64 /* Preview Content */ = {
			isa = PBXGroup;
			children = (
				B488C362293B03C500EBAA64 /* Preview Assets.xcassets */,
			);
			path = "Preview Content";
			sourceTree = "<group>";
		};
/* End PBXGroup section */

/* Begin PBXNativeTarget section */
		B488C357293B03C400EBAA64 /* USEconomicIndicators */ = {
			isa = PBXNativeTarget;
			buildConfigurationList = B488C366293B03C500EBAA64 /* Build configuration list for PBXNativeTarget "USEconomicIndicators" */;
			buildPhases = (
				B488C354293B03C400EBAA64 /* Sources */,
				B488C355293B03C400EBAA64 /* Frameworks */,
				B488C356293B03C400EBAA64 /* Resources */,
			);
			buildRules = (
			);
			dependencies = (
			);
			name = USEconomicIndicators;
			productName = USEconomicIndicators;
			productReference = B488C358293B03C400EBAA64 /* USEconomicIndicators.app */;
			productType = "com.apple.product-type.application";
		};
/* End PBXNativeTarget section */

/* Begin PBXProject section */
		B488C350293B03C400EBAA64 /* Project object */ = {
			isa = PBXProject;
			attributes = {
				BuildIndependentTargetsInParallel = 1;
				LastSwiftUpdateCheck = 1410;
				LastUpgradeCheck = 1410;
				TargetAttributes = {
					B488C357293B03C400EBAA64 = {
						CreatedOnToolsVersion = 14.1;
					};
				};
			};
			buildConfigurationList = B488C353293B03C400EBAA64 /* Build configuration list for PBXProject "USEconomicIndicators" */;
			compatibilityVersion = "Xcode 14.0";
			developmentRegion = en;
			hasScannedForEncodings = 0;
			knownRegions = (
				en,
				Base,
			);
			mainGroup = B488C34F293B03C400EBAA64;
			productRefGroup = B488C359293B03C400EBAA64 /* Products */;
			projectDirPath = "";
			projectRoot = "";
			targets = (
				B488C357293B03C400EBAA64 /* USEconomicIndicators */,
			);
		};
/* End PBXProject section */

/* Begin PBXResourcesBuildPhase section */
		B488C356293B03C400EBAA64 /* Resources */ = {
			isa = PBXResourcesBuildPhase;
			buildActionMask = 2147483647;
			files = (
				B488C363293B03C500EBAA64 /* Preview Assets.xcassets in Resources */,
				B488C360293B03C500EBAA64 /* Assets.xcassets in Resources */,
			);
			runOnlyForDeploymentPostprocessing = 0;
		};
/* End PBXResourcesBuildPhase section */

/* Begin PBXSourcesBuildPhase section */
		B488C354293B03C400EBAA64 /* Sources */ = {
			isa = PBXSourcesBuildPhase;
			buildActionMask = 2147483647;
			files = (
				B488C35E293B03C400EBAA64 /* IndicatorListView.swift in Sources */,
				B488C36C293B104500EBAA64 /* IndicatorView.swift in Sources */,
				B434D1572A3D77480051ED0E /* DataPoint.swift in Sources */,
				B488C36A293B04BC00EBAA64 /* Indicator.swift in Sources */,
				B434D1592A3D78530051ED0E /* APIKey.swift in Sources */,
				B488C35C293B03C400EBAA64 /* USEconomicIndicatorsApp.swift in Sources */,
			);
			runOnlyForDeploymentPostprocessing = 0;
		};
/* End PBXSourcesBuildPhase section */

/* Begin XCBuildConfiguration section */
		B488C364293B03C500EBAA64 /* Debug */ = {
			isa = XCBuildConfiguration;
			buildSettings = {
				ALWAYS_SEARCH_USER_PATHS = NO;
				CLANG_ANALYZER_NONNULL = YES;
				CLANG_ANALYZER_NUMBER_OBJECT_CONVERSION = YES_AGGRESSIVE;
				CLANG_CXX_LANGUAGE_STANDARD = "gnu++20";
				CLANG_ENABLE_MODULES = YES;
				CLANG_ENABLE_OBJC_ARC = YES;
				CLANG_ENABLE_OBJC_WEAK = YES;
				CLANG_WARN_BLOCK_CAPTURE_AUTORELEASING = YES;
				CLANG_WARN_BOOL_CONVERSION = YES;
				CLANG_WARN_COMMA = YES;
				CLANG_WARN_CONSTANT_CONVERSION = YES;
				CLANG_WARN_DEPRECATED_OBJC_IMPLEMENTATIONS = YES;
				CLANG_WARN_DIRECT_OBJC_ISA_USAGE = YES_ERROR;
				CLANG_WARN_DOCUMENTATION_COMMENTS = YES;
				CLANG_WARN_EMPTY_BODY = YES;
				CLANG_WARN_ENUM_CONVERSION = YES;
				CLANG_WARN_INFINITE_RECURSION = YES;
				CLANG_WARN_INT_CONVERSION = YES;
				CLANG_WARN_NON_LITERAL_NULL_CONVERSION = YES;
				CLANG_WARN_OBJC_IMPLICIT_RETAIN_SELF = YES;
				CLANG_WARN_OBJC_LITERAL_CONVERSION = YES;
				CLANG_WARN_OBJC_ROOT_CLASS = YES_ERROR;
				CLANG_WARN_QUOTED_INCLUDE_IN_FRAMEWORK_HEADER = YES;
				CLANG_WARN_RANGE_LOOP_ANALYSIS = YES;
				CLANG_WARN_STRICT_PROTOTYPES = YES;
				CLANG_WARN_SUSPICIOUS_MOVE = YES;
				CLANG_WARN_UNGUARDED_AVAILABILITY = YES_AGGRESSIVE;
				CLANG_WARN_UNREACHABLE_CODE = YES;
				CLANG_WARN__DUPLICATE_METHOD_MATCH = YES;
				COPY_PHASE_STRIP = NO;
				DEBUG_INFORMATION_FORMAT = dwarf;
				ENABLE_STRICT_OBJC_MSGSEND = YES;
				ENABLE_TESTABILITY = YES;
				GCC_C_LANGUAGE_STANDARD = gnu11;
				GCC_DYNAMIC_NO_PIC = NO;
				GCC_NO_COMMON_BLOCKS = YES;
				GCC_OPTIMIZATION_LEVEL = 0;
				GCC_PREPROCESSOR_DEFINITIONS = (
					"DEBUG=1",
					"$(inherited)",
				);
				GCC_WARN_64_TO_32_BIT_CONVERSION = YES;
				GCC_WARN_ABOUT_RETURN_TYPE = YES_ERROR;
				GCC_WARN_UNDECLARED_SELECTOR = YES;
				GCC_WARN_UNINITIALIZED_AUTOS = YES_AGGRESSIVE;
				GCC_WARN_UNUSED_FUNCTION = YES;
				GCC_WARN_UNUSED_VARIABLE = YES;
				IPHONEOS_DEPLOYMENT_TARGET = 16.0;
				MTL_ENABLE_DEBUG_INFO = INCLUDE_SOURCE;
				MTL_FAST_MATH = YES;
				ONLY_ACTIVE_ARCH = YES;
				SDKROOT = iphoneos;
				SWIFT_ACTIVE_COMPILATION_CONDITIONS = DEBUG;
				SWIFT_OPTIMIZATION_LEVEL = "-Onone";
			};
			name = Debug;
		};
		B488C365293B03C500EBAA64 /* Release */ = {
			isa = XCBuildConfiguration;
			buildSettings = {
				ALWAYS_SEARCH_USER_PATHS = NO;
				CLANG_ANALYZER_NONNULL = YES;
				CLANG_ANALYZER_NUMBER_OBJECT_CONVERSION = YES_AGGRESSIVE;
				CLANG_CXX_LANGUAGE_STANDARD = "gnu++20";
				CLANG_ENABLE_MODULES = YES;
				CLANG_ENABLE_OBJC_ARC = YES;
				CLANG_ENABLE_OBJC_WEAK = YES;
				CLANG_WARN_BLOCK_CAPTURE_AUTORELEASING = YES;
				CLANG_WARN_BOOL_CONVERSION = YES;
				CLANG_WARN_COMMA = YES;
				CLANG_WARN_CONSTANT_CONVERSION = YES;
				CLANG_WARN_DEPRECATED_OBJC_IMPLEMENTATIONS = YES;
				CLANG_WARN_DIRECT_OBJC_ISA_USAGE = YES_ERROR;
				CLANG_WARN_DOCUMENTATION_COMMENTS = YES;
				CLANG_WARN_EMPTY_BODY = YES;
				CLANG_WARN_ENUM_CONVERSION = YES;
				CLANG_WARN_INFINITE_RECURSION = YES;
				CLANG_WARN_INT_CONVERSION = YES;
				CLANG_WARN_NON_LITERAL_NULL_CONVERSION = YES;
				CLANG_WARN_OBJC_IMPLICIT_RETAIN_SELF = YES;
				CLANG_WARN_OBJC_LITERAL_CONVERSION = YES;
				CLANG_WARN_OBJC_ROOT_CLASS = YES_ERROR;
				CLANG_WARN_QUOTED_INCLUDE_IN_FRAMEWORK_HEADER = YES;
				CLANG_WARN_RANGE_LOOP_ANALYSIS = YES;
				CLANG_WARN_STRICT_PROTOTYPES = YES;
				CLANG_WARN_SUSPICIOUS_MOVE = YES;
				CLANG_WARN_UNGUARDED_AVAILABILITY = YES_AGGRESSIVE;
				CLANG_WARN_UNREACHABLE_CODE = YES;
				CLANG_WARN__DUPLICATE_METHOD_MATCH = YES;
				COPY_PHASE_STRIP = NO;
				DEBUG_INFORMATION_FORMAT = "dwarf-with-dsym";
				ENABLE_NS_ASSERTIONS = NO;
				ENABLE_STRICT_OBJC_MSGSEND = YES;
				GCC_C_LANGUAGE_STANDARD = gnu11;
				GCC_NO_COMMON_BLOCKS = YES;
				GCC_WARN_64_TO_32_BIT_CONVERSION = YES;
				GCC_WARN_ABOUT_RETURN_TYPE = YES_ERROR;
				GCC_WARN_UNDECLARED_SELECTOR = YES;
				GCC_WARN_UNINITIALIZED_AUTOS = YES_AGGRESSIVE;
				GCC_WARN_UNUSED_FUNCTION = YES;
				GCC_WARN_UNUSED_VARIABLE = YES;
				IPHONEOS_DEPLOYMENT_TARGET = 16.0;
				MTL_ENABLE_DEBUG_INFO = NO;
				MTL_FAST_MATH = YES;
				SDKROOT = iphoneos;
				SWIFT_COMPILATION_MODE = wholemodule;
				SWIFT_OPTIMIZATION_LEVEL = "-O";
				VALIDATE_PRODUCT = YES;
			};
			name = Release;
		};
		B488C367293B03C500EBAA64 /* Debug */ = {
			isa = XCBuildConfiguration;
			buildSettings = {
				ASSETCATALOG_COMPILER_APPICON_NAME = AppIcon;
				ASSETCATALOG_COMPILER_GLOBAL_ACCENT_COLOR_NAME = AccentColor;
				CODE_SIGN_STYLE = Automatic;
				CURRENT_PROJECT_VERSION = 1;
				DEVELOPMENT_ASSET_PATHS = "\"USEconomicIndicators/Preview Content\"";
				DEVELOPMENT_TEAM = MX2B93FCVT;
				ENABLE_PREVIEWS = YES;
				GENERATE_INFOPLIST_FILE = YES;
				INFOPLIST_KEY_UIApplicationSceneManifest_Generation = YES;
				INFOPLIST_KEY_UIApplicationSupportsIndirectInputEvents = YES;
				INFOPLIST_KEY_UILaunchScreen_Generation = YES;
				INFOPLIST_KEY_UISupportedInterfaceOrientations_iPad = "UIInterfaceOrientationPortrait UIInterfaceOrientationPortraitUpsideDown UIInterfaceOrientationLandscapeLeft UIInterfaceOrientationLandscapeRight";
				INFOPLIST_KEY_UISupportedInterfaceOrientations_iPhone = "UIInterfaceOrientationPortrait UIInterfaceOrientationLandscapeLeft UIInterfaceOrientationLandscapeRight";
				IPHONEOS_DEPLOYMENT_TARGET = 16.0;
				LD_RUNPATH_SEARCH_PATHS = (
					"$(inherited)",
					"@executable_path/Frameworks",
				);
				MARKETING_VERSION = 1.0;
				PRODUCT_BUNDLE_IDENTIFIER = com.skw398.USEconomicIndicators;
				PRODUCT_NAME = "$(TARGET_NAME)";
				SWIFT_EMIT_LOC_STRINGS = YES;
				SWIFT_VERSION = 5.0;
				TARGETED_DEVICE_FAMILY = "1,2";
			};
			name = Debug;
		};
		B488C368293B03C500EBAA64 /* Release */ = {
			isa = XCBuildConfiguration;
			buildSettings = {
				ASSETCATALOG_COMPILER_APPICON_NAME = AppIcon;
				ASSETCATALOG_COMPILER_GLOBAL_ACCENT_COLOR_NAME = AccentColor;
				CODE_SIGN_STYLE = Automatic;
				CURRENT_PROJECT_VERSION = 1;
				DEVELOPMENT_ASSET_PATHS = "\"USEconomicIndicators/Preview Content\"";
				DEVELOPMENT_TEAM = MX2B93FCVT;
				ENABLE_PREVIEWS = YES;
				GENERATE_INFOPLIST_FILE = YES;
				INFOPLIST_KEY_UIApplicationSceneManifest_Generation = YES;
				INFOPLIST_KEY_UIApplicationSupportsIndirectInputEvents = YES;
				INFOPLIST_KEY_UILaunchScreen_Generation = YES;
				INFOPLIST_KEY_UISupportedInterfaceOrientations_iPad = "UIInterfaceOrientationPortrait UIInterfaceOrientationPortraitUpsideDown UIInterfaceOrientationLandscapeLeft UIInterfaceOrientationLandscapeRight";
				INFOPLIST_KEY_UISupportedInterfaceOrientations_iPhone = "UIInterfaceOrientationPortrait UIInterfaceOrientationLandscapeLeft UIInterfaceOrientationLandscapeRight";
				IPHONEOS_DEPLOYMENT_TARGET = 16.0;
				LD_RUNPATH_SEARCH_PATHS = (
					"$(inherited)",
					"@executable_path/Frameworks",
				);
				MARKETING_VERSION = 1.0;
				PRODUCT_BUNDLE_IDENTIFIER = com.skw398.USEconomicIndicators;
				PRODUCT_NAME = "$(TARGET_NAME)";
				SWIFT_EMIT_LOC_STRINGS = YES;
				SWIFT_VERSION = 5.0;
				TARGETED_DEVICE_FAMILY = "1,2";
			};
			name = Release;
		};
/* End XCBuildConfiguration section */

/* Begin XCConfigurationList section */
		B488C353293B03C400EBAA64 /* Build configuration list for PBXProject "USEconomicIndicators" */ = {
			isa = XCConfigurationList;
			buildConfigurations = (
				B488C364293B03C500EBAA64 /* Debug */,
				B488C365293B03C500EBAA64 /* Release */,
			);
			defaultConfigurationIsVisible = 0;
			defaultConfigurationName = Release;
		};
		B488C366293B03C500EBAA64 /* Build configuration list for PBXNativeTarget "USEconomicIndicators" */ = {
			isa = XCConfigurationList;
			buildConfigurations = (
				B488C367293B03C500EBAA64 /* Debug */,
				B488C368293B03C500EBAA64 /* Release */,
			);
			defaultConfigurationIsVisible = 0;
			defaultConfigurationName = Release;
		};
/* End XCConfigurationList section */
	};
	rootObject = B488C350293B03C400EBAA64 /* Project object */;
}
